{
  "version": "4",
  "specifiers": {
    "npm:@jsr/cross__test@*": "0.0.10",
    "npm:@jsr/std__assert@*": "1.0.8",
    "npm:@jsr/std__testing@*": "1.0.5",
    "npm:@types/node@*": "22.5.4"
  },
  "jsr": {
    "@std/assert@1.0.7": {
      "integrity": "64ce9fac879e0b9f3042a89b3c3f8ccfc9c984391af19e2087513a79d73e28c3",
      "dependencies": [
        "jsr:@std/internal@^1.0.5"
      ]
    }
  },
  "npm": {
    "@jsr/cross__runtime@1.1.0": {
      "integrity": "sha512-GGvdy7fGJP4owjp6uQDFbfawuQJrwNJzb2gfotW9wfxtXDfyL5ukPXnHWQwsMF0rUpb5luhuG5r9/h8teYH7lw=="
    },
    "@jsr/cross__test@0.0.10": {
      "integrity": "sha512-FjyJN1OxI6lPZGOYK3/iGuDzljPYUZN2Cm2eHaAHIvGPEYYBYLH4VI5ww0LDjM9GdXymitPh6PLhP8dwbNJGFw==",
      "dependencies": [
        "@jsr/cross__runtime"
      ]
    },
    "@jsr/std__assert@1.0.8": {
      "integrity": "sha512-2Sw6q3pyvy8loqtFzvtI5OKkTK7i/bWqqChz8b+/+MdyiFlYax4cIoh883/gWz+L8ghK1bbrhnNyhju8GMOkMg==",
      "dependencies": [
        "@jsr/std__internal"
      ]
    },
    "@jsr/std__async@1.0.9": {
      "integrity": "sha512-gJgMcOx2DqpWeiFKnLIli4FcjjXlkJlMyPtHF+r7bGXI3FQPXEIpy8Z8A7/o3hjMyh8vSDdPijPpiLfPU91iUg=="
    },
    "@jsr/std__data-structures@1.0.4": {
      "integrity": "sha512-mXNBGMhSZqi2tgR6VLNPlmwd7hf0RUMwGkxx32PA1gO4WCSaLvwXqPlni1/dtI+qj4eZ+TLAP/lHpb0JUPyjeA=="
    },
    "@jsr/std__fs@1.0.6": {
      "integrity": "sha512-5kdsSUZgJmF/IgJjDLxVFpxCTum9dIVd6Kk0+0mRCUiDatilr96igQiUS3VNuTI9bCvgcXIA6E+u4s+x5l7vyQ==",
      "dependencies": [
        "@jsr/std__path"
      ]
    },
    "@jsr/std__internal@1.0.5": {
      "integrity": "sha512-W2aN7UypJJ6EkfyXt5hBeIijBb8CmZk0jdjCzhOROr0SrXsXZ/V/9Qu1N0NxumFauPDAJz9NcP1mmZ9ZVSXwpQ=="
    },
    "@jsr/std__path@1.0.8": {
      "integrity": "sha512-eNBGlh/8ZVkMxtFH4bwIzlAeKoHYk5in4wrBZhi20zMdOiuX4QozP4+19mIXBT2lzHDjhuVLyECbhFeR304iDg=="
    },
    "@jsr/std__testing@1.0.5": {
      "integrity": "sha512-rj5+br7FIkuIRImrynODe9fhfwjKtTSDiHiQRBykfnx5Tm7Q2hP1Zb8Ow6xmQiXfcRzTB8p4hM4H42I6PMONHg==",
      "dependencies": [
        "@jsr/std__assert",
        "@jsr/std__async",
        "@jsr/std__data-structures",
        "@jsr/std__fs",
        "@jsr/std__internal",
        "@jsr/std__path"
      ]
    },
    "@types/node@22.5.4": {
      "integrity": "sha512-FDuKUJQm/ju9fT/SeX/6+gBzoPzlVCzfzmGkwKvRHQVxi4BntVbyIwf6a4Xn62mrvndLiml6z/UBXIdEVjQLXg==",
      "dependencies": [
        "undici-types"
      ]
    },
    "undici-types@6.19.8": {
      "integrity": "sha512-ve2KP6f/JnbPBFyobGHuerC9g1FYGn/F8n1LWTwNxCEzd6IfqTwUQcNXgEtmmQ6DlRrC1hrSrBnCZPokRrDHjw=="
    }
  },
  "workspace": {
    "packageJson": {
      "dependencies": [
        "npm:@jsr/cross__test@*",
        "npm:@jsr/std__assert@*",
        "npm:@jsr/std__testing@*"
      ]
    }
  }
}
